
Microsoft Visual Studio Solution File, Format Version 12.00
Project("{FAE04EC0-301F-11D3-BF4B-00C04F79EFBC}") = "MagicYearCalculatorTests", "MagicYearCalculatorTests\MagicYearCalculatorTests.csproj", "{F3547C72-163A-4E9E-B7AC-D907C74D0724}"
EndProject
Project("{FAE04EC0-301F-11D3-BF4B-00C04F79EFBC}") = "MagicYearCalculator", "MagicYearCalculator\MagicYearCalculator.csproj", "{0CC73082-2C0F-44A3-B930-6201FCC7DCD8}"
EndProject
Global
	GlobalSection(SolutionConfigurationPlatforms) = preSolution
		Debug|Any CPU = Debug|Any CPU
		Release|Any CPU = Release|Any CPU
	EndGlobalSection
	GlobalSection(ProjectConfigurationPlatforms) = postSolution
		{F3547C72-163A-4E9E-B7AC-D907C74D0724}.Debug|Any CPU.ActiveCfg = Debug|Any CPU
		{F3547C72-163A-4E9E-B7AC-D907C74D0724}.Debug|Any CPU.Build.0 = Debug|Any CPU
		{F3547C72-163A-4E9E-B7AC-D907C74D0724}.Release|Any CPU.ActiveCfg = Release|Any CPU
		{F3547C72-163A-4E9E-B7AC-D907C74D0724}.Release|Any CPU.Build.0 = Release|Any CPU
		{0CC73082-2C0F-44A3-B930-6201FCC7DCD8}.Debug|Any CPU.ActiveCfg = Debug|Any CPU
		{0CC73082-2C0F-44A3-B930-6201FCC7DCD8}.Debug|Any CPU.Build.0 = Debug|Any CPU
		{0CC73082-2C0F-44A3-B930-6201FCC7DCD8}.Release|Any CPU.ActiveCfg = Release|Any CPU
		{0CC73082-2C0F-44A3-B930-6201FCC7DCD8}.Release|Any CPU.Build.0 = Release|Any CPU
	EndGlobalSection
EndGlobal
